
Microsoft Visual Studio Solution File, Format Version 12.00
# Visual Studio Version 16
VisualStudioVersion = 16.0.30711.63
MinimumVisualStudioVersion = 10.0.40219.1
Project("{9A19103F-16F7-4668-BE54-9A1E7A4F7556}") = "Graphs", "Graphs.csproj", "{22BA2858-4777-4BCA-8D8E-7C4C8225C69D}"
EndProject
Project("{9A19103F-16F7-4668-BE54-9A1E7A4F7556}") = "CustomGraphs", "..\CustomGraphs\CustomGraphs.csproj", "{B449C7A9-E2E6-4B63-A0AB-1482E9CD2A42}"
EndProject
Project("{9A19103F-16F7-4668-BE54-9A1E7A4F7556}") = "GraphTests", "..\GraphTests\GraphTests.csproj", "{B582762F-0645-4886-9AF1-50F6F392A630}"
EndProject
Global
	GlobalSection(SolutionConfigurationPlatforms) = preSolution
		Debug|Any CPU = Debug|Any CPU
		Release|Any CPU = Release|Any CPU
	EndGlobalSection
	GlobalSection(ProjectConfigurationPlatforms) = postSolution
		{22BA2858-4777-4BCA-8D8E-7C4C8225C69D}.Debug|Any CPU.ActiveCfg = Debug|Any CPU
		{22BA2858-4777-4BCA-8D8E-7C4C8225C69D}.Debug|Any CPU.Build.0 = Debug|Any CPU
		{22BA2858-4777-4BCA-8D8E-7C4C8225C69D}.Release|Any CPU.ActiveCfg = Release|Any CPU
		{22BA2858-4777-4BCA-8D8E-7C4C8225C69D}.Release|Any CPU.Build.0 = Release|Any CPU
		{B449C7A9-E2E6-4B63-A0AB-1482E9CD2A42}.Debug|Any CPU.ActiveCfg = Debug|Any CPU
		{B449C7A9-E2E6-4B63-A0AB-1482E9CD2A42}.Debug|Any CPU.Build.0 = Debug|Any CPU
		{B449C7A9-E2E6-4B63-A0AB-1482E9CD2A42}.Release|Any CPU.ActiveCfg = Release|Any CPU
		{B449C7A9-E2E6-4B63-A0AB-1482E9CD2A42}.Release|Any CPU.Build.0 = Release|Any CPU
		{B582762F-0645-4886-9AF1-50F6F392A630}.Debug|Any CPU.ActiveCfg = Debug|Any CPU
		{B582762F-0645-4886-9AF1-50F6F392A630}.Debug|Any CPU.Build.0 = Debug|Any CPU
		{B582762F-0645-4886-9AF1-50F6F392A630}.Release|Any CPU.ActiveCfg = Release|Any CPU
		{B582762F-0645-4886-9AF1-50F6F392A630}.Release|Any CPU.Build.0 = Release|Any CPU
	EndGlobalSection
	GlobalSection(SolutionProperties) = preSolution
		HideSolutionNode = FALSE
	EndGlobalSection
	GlobalSection(ExtensibilityGlobals) = postSolution
		SolutionGuid = {C3C71B6D-D64F-4348-A6B9-AE23E52A411D}
	EndGlobalSection
EndGlobal
